
Microsoft Visual Studio Solution File, Format Version 12.00
# Visual Studio 2013
VisualStudioVersion = 12.0.30723.0
MinimumVisualStudioVersion = 10.0.40219.1
Project("{2150E333-8FDC-42A3-9474-1A3956D46DE8}") = "Shared", "Shared", "{295E4B1E-FFB3-43CB-B837-A201F82FDC7A}"
EndProject
Project("{FAE04EC0-301F-11D3-BF4B-00C04F79EFBC}") = "Tauron.Application.RadioStreamer.Contracts", "Tauron.Application.RadioStreamerl.Contracts\Tauron.Application.RadioStreamer.Contracts.csproj", "{E45A701F-0B24-4986-8183-B4F5C1270539}"
EndProject
Project("{FAE04EC0-301F-11D3-BF4B-00C04F79EFBC}") = "Tauron.Application.RadioStreamer.Resources", "Tauron.Application.RadioStreamer.Resources\Tauron.Application.RadioStreamer.Resources.csproj", "{403C6920-9AD7-4B61-B920-1705E4A87EED}"
EndProject
Project("{FAE04EC0-301F-11D3-BF4B-00C04F79EFBC}") = "Tauron.Application.RadioStreamer.Database", "Tauron.Application.RadioStreamer.Database\Tauron.Application.RadioStreamer.Database.csproj", "{04359B61-D252-4F63-AD43-C27437B3B74C}"
EndProject
Project("{FAE04EC0-301F-11D3-BF4B-00C04F79EFBC}") = "Tauron.Application.RadioStreamer", "Tauron.Application.RadioStreamer\Tauron.Application.RadioStreamer.csproj", "{26B0DD34-198A-4379-AF18-0ABBCCE569A2}"
EndProject
Project("{FAE04EC0-301F-11D3-BF4B-00C04F79EFBC}") = "RadioStreamer", "RadioStreamer\RadioStreamer.csproj", "{43CC796E-BA52-40AF-8D89-CB2B1DDAD87C}"
EndProject
Project("{2150E333-8FDC-42A3-9474-1A3956D46DE8}") = "Test", "Test", "{A9C1AD90-4550-479C-9943-D0A2D8EEC363}"
EndProject
Project("{FAE04EC0-301F-11D3-BF4B-00C04F79EFBC}") = "ConsoleApplication", "ConsoleApplication\ConsoleApplication.csproj", "{B0CA582B-6A76-472C-BF6F-78DC31C1769C}"
EndProject
Project("{FAE04EC0-301F-11D3-BF4B-00C04F79EFBC}") = "Tauron.Application.RadioStreamer.Views", "Tauron.Application.RadioStreamer.Views\Tauron.Application.RadioStreamer.Views.csproj", "{ADAE8E24-7A4C-4A42-A68F-F2BA755DED46}"
EndProject
Project("{FAE04EC0-301F-11D3-BF4B-00C04F79EFBC}") = "JetBrains.Annotations", "..\Tauron-Application-Common\JetBrains.Annotations\JetBrains.Annotations.csproj", "{DF97133F-565A-4D1A-AFE3-4155B31A89E5}"
EndProject
Project("{FAE04EC0-301F-11D3-BF4B-00C04F79EFBC}") = "Tauron.Application.Common", "..\Tauron-Application-Common\Tauron.Application.Common\Tauron.Application.Common.csproj", "{0D50EE98-A718-41B2-A1B6-57D23FDF5223}"
EndProject
Project("{FAE04EC0-301F-11D3-BF4B-00C04F79EFBC}") = "Tauron.Application.Common.Wpf", "..\Tauron-Application-Common\Tauron.Application.Common.Wpf\Tauron.Application.Common.Wpf.csproj", "{03F1490A-9173-4E75-9D6E-FBE5A37AA649}"
EndProject
Project("{FAE04EC0-301F-11D3-BF4B-00C04F79EFBC}") = "Tauron.Application.Common.Wpf.Controls", "..\Tauron-Application-Common\Tauron.Application.Common.Wpf.Controls\Tauron.Application.Common.Wpf.Controls.csproj", "{2CC827C8-5084-4334-8A68-0515DA46465E}"
EndProject
Project("{FAE04EC0-301F-11D3-BF4B-00C04F79EFBC}") = "Tauron.Application.Files", "..\Tauron-Application-Common\Tauron.Application.Files\Tauron.Application.Files.csproj", "{E714D32E-1F12-47A5-A671-15EC83D85E75}"
EndProject
Project("{FAE04EC0-301F-11D3-BF4B-00C04F79EFBC}") = "Tauron.Application.Bass", "Tauron.Application.Audio\Tauron.Application.Bass.csproj", "{AF2AF397-1FF3-46C0-9944-4B047C6967D3}"
EndProject
Project("{2150E333-8FDC-42A3-9474-1A3956D46DE8}") = "Info", "Info", "{6EBEBE6E-60B8-4A07-85B8-1C509CDBEA54}"
	ProjectSection(SolutionItems) = preProject
		Roadmap.docx = Roadmap.docx
	EndProjectSection
EndProject
Project("{2150E333-8FDC-42A3-9474-1A3956D46DE8}") = "AppThemes", "AppThemes", "{F8CC257B-DEA3-4D36-B1BF-ED4AD2B6E1D4}"
EndProject
Project("{FAE04EC0-301F-11D3-BF4B-00C04F79EFBC}") = "ElysiumTheme", "ElysiumTheme\ElysiumTheme.csproj", "{4B012079-D47D-426F-AC72-F68C7F278496}"
EndProject
Project("{FAE04EC0-301F-11D3-BF4B-00C04F79EFBC}") = "TestInternetRadio", "TestInternetRadio\TestInternetRadio.csproj", "{4FA96842-4E99-4350-945F-1D01990D9C68}"
EndProject
Global
	GlobalSection(SolutionConfigurationPlatforms) = preSolution
		Debug|Any CPU = Debug|Any CPU
		Release|Any CPU = Release|Any CPU
	EndGlobalSection
	GlobalSection(ProjectConfigurationPlatforms) = postSolution
		{E45A701F-0B24-4986-8183-B4F5C1270539}.Debug|Any CPU.ActiveCfg = Debug|Any CPU
		{E45A701F-0B24-4986-8183-B4F5C1270539}.Debug|Any CPU.Build.0 = Debug|Any CPU
		{E45A701F-0B24-4986-8183-B4F5C1270539}.Release|Any CPU.ActiveCfg = Release|Any CPU
		{E45A701F-0B24-4986-8183-B4F5C1270539}.Release|Any CPU.Build.0 = Release|Any CPU
		{403C6920-9AD7-4B61-B920-1705E4A87EED}.Debug|Any CPU.ActiveCfg = Debug|Any CPU
		{403C6920-9AD7-4B61-B920-1705E4A87EED}.Debug|Any CPU.Build.0 = Debug|Any CPU
		{403C6920-9AD7-4B61-B920-1705E4A87EED}.Release|Any CPU.ActiveCfg = Release|Any CPU
		{403C6920-9AD7-4B61-B920-1705E4A87EED}.Release|Any CPU.Build.0 = Release|Any CPU
		{04359B61-D252-4F63-AD43-C27437B3B74C}.Debug|Any CPU.ActiveCfg = Debug|Any CPU
		{04359B61-D252-4F63-AD43-C27437B3B74C}.Debug|Any CPU.Build.0 = Debug|Any CPU
		{04359B61-D252-4F63-AD43-C27437B3B74C}.Release|Any CPU.ActiveCfg = Release|Any CPU
		{04359B61-D252-4F63-AD43-C27437B3B74C}.Release|Any CPU.Build.0 = Release|Any CPU
		{26B0DD34-198A-4379-AF18-0ABBCCE569A2}.Debug|Any CPU.ActiveCfg = Debug|Any CPU
		{26B0DD34-198A-4379-AF18-0ABBCCE569A2}.Debug|Any CPU.Build.0 = Debug|Any CPU
		{26B0DD34-198A-4379-AF18-0ABBCCE569A2}.Release|Any CPU.ActiveCfg = Release|Any CPU
		{26B0DD34-198A-4379-AF18-0ABBCCE569A2}.Release|Any CPU.Build.0 = Release|Any CPU
		{43CC796E-BA52-40AF-8D89-CB2B1DDAD87C}.Debug|Any CPU.ActiveCfg = Debug|Any CPU
		{43CC796E-BA52-40AF-8D89-CB2B1DDAD87C}.Debug|Any CPU.Build.0 = Debug|Any CPU
		{43CC796E-BA52-40AF-8D89-CB2B1DDAD87C}.Release|Any CPU.ActiveCfg = Release|Any CPU
		{43CC796E-BA52-40AF-8D89-CB2B1DDAD87C}.Release|Any CPU.Build.0 = Release|Any CPU
		{B0CA582B-6A76-472C-BF6F-78DC31C1769C}.Debug|Any CPU.ActiveCfg = Debug|Any CPU
		{B0CA582B-6A76-472C-BF6F-78DC31C1769C}.Debug|Any CPU.Build.0 = Debug|Any CPU
		{B0CA582B-6A76-472C-BF6F-78DC31C1769C}.Release|Any CPU.ActiveCfg = Release|Any CPU
		{B0CA582B-6A76-472C-BF6F-78DC31C1769C}.Release|Any CPU.Build.0 = Release|Any CPU
		{ADAE8E24-7A4C-4A42-A68F-F2BA755DED46}.Debug|Any CPU.ActiveCfg = Debug|Any CPU
		{ADAE8E24-7A4C-4A42-A68F-F2BA755DED46}.Debug|Any CPU.Build.0 = Debug|Any CPU
		{ADAE8E24-7A4C-4A42-A68F-F2BA755DED46}.Release|Any CPU.ActiveCfg = Release|Any CPU
		{ADAE8E24-7A4C-4A42-A68F-F2BA755DED46}.Release|Any CPU.Build.0 = Release|Any CPU
		{DF97133F-565A-4D1A-AFE3-4155B31A89E5}.Debug|Any CPU.ActiveCfg = Debug|Any CPU
		{DF97133F-565A-4D1A-AFE3-4155B31A89E5}.Debug|Any CPU.Build.0 = Debug|Any CPU
		{DF97133F-565A-4D1A-AFE3-4155B31A89E5}.Release|Any CPU.ActiveCfg = Release|Any CPU
		{DF97133F-565A-4D1A-AFE3-4155B31A89E5}.Release|Any CPU.Build.0 = Release|Any CPU
		{0D50EE98-A718-41B2-A1B6-57D23FDF5223}.Debug|Any CPU.ActiveCfg = Debug|Any CPU
		{0D50EE98-A718-41B2-A1B6-57D23FDF5223}.Debug|Any CPU.Build.0 = Debug|Any CPU
		{0D50EE98-A718-41B2-A1B6-57D23FDF5223}.Release|Any CPU.ActiveCfg = Release|Any CPU
		{0D50EE98-A718-41B2-A1B6-57D23FDF5223}.Release|Any CPU.Build.0 = Release|Any CPU
		{03F1490A-9173-4E75-9D6E-FBE5A37AA649}.Debug|Any CPU.ActiveCfg = Debug|Any CPU
		{03F1490A-9173-4E75-9D6E-FBE5A37AA649}.Debug|Any CPU.Build.0 = Debug|Any CPU
		{03F1490A-9173-4E75-9D6E-FBE5A37AA649}.Release|Any CPU.ActiveCfg = Release|Any CPU
		{03F1490A-9173-4E75-9D6E-FBE5A37AA649}.Release|Any CPU.Build.0 = Release|Any CPU
		{2CC827C8-5084-4334-8A68-0515DA46465E}.Debug|Any CPU.ActiveCfg = Debug|Any CPU
		{2CC827C8-5084-4334-8A68-0515DA46465E}.Debug|Any CPU.Build.0 = Debug|Any CPU
		{2CC827C8-5084-4334-8A68-0515DA46465E}.Release|Any CPU.ActiveCfg = Release|Any CPU
		{2CC827C8-5084-4334-8A68-0515DA46465E}.Release|Any CPU.Build.0 = Release|Any CPU
		{E714D32E-1F12-47A5-A671-15EC83D85E75}.Debug|Any CPU.ActiveCfg = Debug|Any CPU
		{E714D32E-1F12-47A5-A671-15EC83D85E75}.Debug|Any CPU.Build.0 = Debug|Any CPU
		{E714D32E-1F12-47A5-A671-15EC83D85E75}.Release|Any CPU.ActiveCfg = Release|Any CPU
		{E714D32E-1F12-47A5-A671-15EC83D85E75}.Release|Any CPU.Build.0 = Release|Any CPU
		{AF2AF397-1FF3-46C0-9944-4B047C6967D3}.Debug|Any CPU.ActiveCfg = Debug|Any CPU
		{AF2AF397-1FF3-46C0-9944-4B047C6967D3}.Debug|Any CPU.Build.0 = Debug|Any CPU
		{AF2AF397-1FF3-46C0-9944-4B047C6967D3}.Release|Any CPU.ActiveCfg = Release|Any CPU
		{AF2AF397-1FF3-46C0-9944-4B047C6967D3}.Release|Any CPU.Build.0 = Release|Any CPU
		{4B012079-D47D-426F-AC72-F68C7F278496}.Debug|Any CPU.ActiveCfg = Debug|Any CPU
		{4B012079-D47D-426F-AC72-F68C7F278496}.Debug|Any CPU.Build.0 = Debug|Any CPU
		{4B012079-D47D-426F-AC72-F68C7F278496}.Release|Any CPU.ActiveCfg = Release|Any CPU
		{4B012079-D47D-426F-AC72-F68C7F278496}.Release|Any CPU.Build.0 = Release|Any CPU
		{4FA96842-4E99-4350-945F-1D01990D9C68}.Debug|Any CPU.ActiveCfg = Debug|Any CPU
		{4FA96842-4E99-4350-945F-1D01990D9C68}.Debug|Any CPU.Build.0 = Debug|Any CPU
		{4FA96842-4E99-4350-945F-1D01990D9C68}.Release|Any CPU.ActiveCfg = Release|Any CPU
		{4FA96842-4E99-4350-945F-1D01990D9C68}.Release|Any CPU.Build.0 = Release|Any CPU
	EndGlobalSection
	GlobalSection(SolutionProperties) = preSolution
		HideSolutionNode = FALSE
	EndGlobalSection
	GlobalSection(NestedProjects) = preSolution
		{B0CA582B-6A76-472C-BF6F-78DC31C1769C} = {A9C1AD90-4550-479C-9943-D0A2D8EEC363}
		{DF97133F-565A-4D1A-AFE3-4155B31A89E5} = {295E4B1E-FFB3-43CB-B837-A201F82FDC7A}
		{0D50EE98-A718-41B2-A1B6-57D23FDF5223} = {295E4B1E-FFB3-43CB-B837-A201F82FDC7A}
		{03F1490A-9173-4E75-9D6E-FBE5A37AA649} = {295E4B1E-FFB3-43CB-B837-A201F82FDC7A}
		{2CC827C8-5084-4334-8A68-0515DA46465E} = {295E4B1E-FFB3-43CB-B837-A201F82FDC7A}
		{E714D32E-1F12-47A5-A671-15EC83D85E75} = {295E4B1E-FFB3-43CB-B837-A201F82FDC7A}
		{4B012079-D47D-426F-AC72-F68C7F278496} = {F8CC257B-DEA3-4D36-B1BF-ED4AD2B6E1D4}
		{4FA96842-4E99-4350-945F-1D01990D9C68} = {A9C1AD90-4550-479C-9943-D0A2D8EEC363}
	EndGlobalSection
EndGlobal
